PODS:
  - SwiftSoup (1.7.4)
  - TartuWeatherProvider (0.4.3):
    - SwiftSoup (~> 1.7)

DEPENDENCIES:
  - TartuWeatherProvider (from `../`)

SPEC REPOS:
  https://github.com/cocoapods/specs.git:
    - SwiftSoup

EXTERNAL SOURCES:
  TartuWeatherProvider:
    :path: "../"

SPEC CHECKSUMS:
  SwiftSoup: 92f5b348c131aed8af04f4326db1579ab19fa08c
  TartuWeatherProvider: 65696ac35e326d388fad60ab2858c7f0e699931f

PODFILE CHECKSUM: 67846b1b2d83a3a004b18eb407c2dafaff0a8ad0

COCOAPODS: 1.6.0.beta.2
