PODS:
  - Alamofire (4.3.0)
  - AlamofireImage (3.2.0):
    - Alamofire (~> 4.1)
  - Nimble (6.0.1)
  - Quick (1.1.0)
  - TartuWeatherProvider (0.1.6):
    - Alamofire (~> 4.3)
    - AlamofireImage (~> 3.2)

DEPENDENCIES:
  - Nimble
  - Quick
  - TartuWeatherProvider (from `../`)

EXTERNAL SOURCES:
  TartuWeatherProvider:
    :path: "../"

SPEC CHECKSUMS:
  Alamofire: 856a113053a7bc9cbe5d6367a555d773fc5cfef7
  AlamofireImage: 157ed682cc81d3b9db4fb90c1f12180ac552d93b
  Nimble: 1527fd1bd2b4cf0636251a36bc8ab37e81da8347
  Quick: dafc587e21eed9f4cab3249b9f9015b0b7a7f71d
  TartuWeatherProvider: 3762fca8acf4639384959d548a1306d3ae2e4bc3

PODFILE CHECKSUM: 345098d0b4b5499c79498018d99aa49d16777ae7

COCOAPODS: 1.2.0
